// !$*UTF8*$!
{
	archiveVersion = 1;
	classes = {
	};
	objectVersion = 46;
	objects = {

/* Begin PBXBuildFile section */
		15CE6FC8C0E0E62C748A0562 /* Pods_ArchitectureStudyTests.framework in Frameworks */ = {isa = PBXBuildFile; fileRef = 7E8A94B9955CCD45305E1CB1 /* Pods_ArchitectureStudyTests.framework */; };
		53B391711E1C4FBB00ADB62F /* AppDelegate.swift in Sources */ = {isa = PBXBuildFile; fileRef = 53B391701E1C4FBB00ADB62F /* AppDelegate.swift */; };
		53B391781E1C4FBB00ADB62F /* Main.storyboard in Resources */ = {isa = PBXBuildFile; fileRef = 53B391761E1C4FBB00ADB62F /* Main.storyboard */; };
		53B3917A1E1C4FBB00ADB62F /* Assets.xcassets in Resources */ = {isa = PBXBuildFile; fileRef = 53B391791E1C4FBB00ADB62F /* Assets.xcassets */; };
		53B3917D1E1C4FBB00ADB62F /* LaunchScreen.storyboard in Resources */ = {isa = PBXBuildFile; fileRef = 53B3917B1E1C4FBB00ADB62F /* LaunchScreen.storyboard */; };
		53B391881E1C4FBB00ADB62F /* ArchitectureStudyTests.swift in Sources */ = {isa = PBXBuildFile; fileRef = 53B391871E1C4FBB00ADB62F /* ArchitectureStudyTests.swift */; };
		53B391931E1C4FBB00ADB62F /* ArchitectureStudyUITests.swift in Sources */ = {isa = PBXBuildFile; fileRef = 53B391921E1C4FBB00ADB62F /* ArchitectureStudyUITests.swift */; };
		53CFFFCD1E2EA02E00C75357 /* DetailIssueViewController.swift in Sources */ = {isa = PBXBuildFile; fileRef = 53CFFFCC1E2EA02E00C75357 /* DetailIssueViewController.swift */; };
		932DDE291E1F80A800DBF42B /* Issue.swift in Sources */ = {isa = PBXBuildFile; fileRef = 932DDE281E1F80A800DBF42B /* Issue.swift */; };
		932DDE2C1E232DB800DBF42B /* Issues.swift in Sources */ = {isa = PBXBuildFile; fileRef = 932DDE2B1E232DB800DBF42B /* Issues.swift */; };
		93428B1F1E2368CB00DC2300 /* IssueCell.swift in Sources */ = {isa = PBXBuildFile; fileRef = 93428B1E1E2368CB00DC2300 /* IssueCell.swift */; };
		9399E0F91E2C4D85007B527E /* IssuesViewController.swift in Sources */ = {isa = PBXBuildFile; fileRef = 9399E0F81E2C4D85007B527E /* IssuesViewController.swift */; };
		9399E0FB1E2C4D9F007B527E /* IssuesPresenter.swift in Sources */ = {isa = PBXBuildFile; fileRef = 9399E0FA1E2C4D9F007B527E /* IssuesPresenter.swift */; };
		BEA98CA1C49ED398908D64D1 /* Pods_ArchitectureStudyUITests.framework in Frameworks */ = {isa = PBXBuildFile; fileRef = 595C0DB2F23B71D85BA4E81D /* Pods_ArchitectureStudyUITests.framework */; };
		D47CAB46F4B09E5F6BDD5ED3 /* Pods_ArchitectureStudy.framework in Frameworks */ = {isa = PBXBuildFile; fileRef = C126256E47DCC0510C50097C /* Pods_ArchitectureStudy.framework */; };
/* End PBXBuildFile section */

/* Begin PBXContainerItemProxy section */
		53B391841E1C4FBB00ADB62F /* PBXContainerItemProxy */ = {
			isa = PBXContainerItemProxy;
			containerPortal = 53B391651E1C4FBB00ADB62F /* Project object */;
			proxyType = 1;
			remoteGlobalIDString = 53B3916C1E1C4FBB00ADB62F;
			remoteInfo = ArchitectureStudy;
		};
		53B3918F1E1C4FBB00ADB62F /* PBXContainerItemProxy */ = {
			isa = PBXContainerItemProxy;
			containerPortal = 53B391651E1C4FBB00ADB62F /* Project object */;
			proxyType = 1;
			remoteGlobalIDString = 53B3916C1E1C4FBB00ADB62F;
			remoteInfo = ArchitectureStudy;
		};
/* End PBXContainerItemProxy section */

/* Begin PBXFileReference section */
		31F7D2511515635EBDEFBBB7 /* Pods-ArchitectureStudyUITests.debug.xcconfig */ = {isa = PBXFileReference; includeInIndex = 1; lastKnownFileType = text.xcconfig; name = "Pods-ArchitectureStudyUITests.debug.xcconfig"; path = "Pods/Target Support Files/Pods-ArchitectureStudyUITests/Pods-ArchitectureStudyUITests.debug.xcconfig"; sourceTree = "<group>"; };
		3E88EB0CB782E241585944A8 /* Pods-ArchitectureStudy.debug.xcconfig */ = {isa = PBXFileReference; includeInIndex = 1; lastKnownFileType = text.xcconfig; name = "Pods-ArchitectureStudy.debug.xcconfig"; path = "Pods/Target Support Files/Pods-ArchitectureStudy/Pods-ArchitectureStudy.debug.xcconfig"; sourceTree = "<group>"; };
		53B3916D1E1C4FBB00ADB62F /* ArchitectureStudy.app */ = {isa = PBXFileReference; explicitFileType = wrapper.application; includeInIndex = 0; path = ArchitectureStudy.app; sourceTree = BUILT_PRODUCTS_DIR; };
		53B391701E1C4FBB00ADB62F /* AppDelegate.swift */ = {isa = PBXFileReference; lastKnownFileType = sourcecode.swift; path = AppDelegate.swift; sourceTree = "<group>"; };
		53B391771E1C4FBB00ADB62F /* Base */ = {isa = PBXFileReference; lastKnownFileType = file.storyboard; name = Base; path = Base.lproj/Main.storyboard; sourceTree = "<group>"; };
		53B391791E1C4FBB00ADB62F /* Assets.xcassets */ = {isa = PBXFileReference; lastKnownFileType = folder.assetcatalog; path = Assets.xcassets; sourceTree = "<group>"; };
		53B3917C1E1C4FBB00ADB62F /* Base */ = {isa = PBXFileReference; lastKnownFileType = file.storyboard; name = Base; path = Base.lproj/LaunchScreen.storyboard; sourceTree = "<group>"; };
		53B3917E1E1C4FBB00ADB62F /* Info.plist */ = {isa = PBXFileReference; lastKnownFileType = text.plist.xml; path = Info.plist; sourceTree = "<group>"; };
		53B391831E1C4FBB00ADB62F /* ArchitectureStudyTests.xctest */ = {isa = PBXFileReference; explicitFileType = wrapper.cfbundle; includeInIndex = 0; path = ArchitectureStudyTests.xctest; sourceTree = BUILT_PRODUCTS_DIR; };
		53B391871E1C4FBB00ADB62F /* ArchitectureStudyTests.swift */ = {isa = PBXFileReference; lastKnownFileType = sourcecode.swift; path = ArchitectureStudyTests.swift; sourceTree = "<group>"; };
		53B391891E1C4FBB00ADB62F /* Info.plist */ = {isa = PBXFileReference; lastKnownFileType = text.plist.xml; path = Info.plist; sourceTree = "<group>"; };
		53B3918E1E1C4FBB00ADB62F /* ArchitectureStudyUITests.xctest */ = {isa = PBXFileReference; explicitFileType = wrapper.cfbundle; includeInIndex = 0; path = ArchitectureStudyUITests.xctest; sourceTree = BUILT_PRODUCTS_DIR; };
		53B391921E1C4FBB00ADB62F /* ArchitectureStudyUITests.swift */ = {isa = PBXFileReference; lastKnownFileType = sourcecode.swift; path = ArchitectureStudyUITests.swift; sourceTree = "<group>"; };
		53B391941E1C4FBB00ADB62F /* Info.plist */ = {isa = PBXFileReference; lastKnownFileType = text.plist.xml; path = Info.plist; sourceTree = "<group>"; };
		53CFFFCC1E2EA02E00C75357 /* DetailIssueViewController.swift */ = {isa = PBXFileReference; fileEncoding = 4; lastKnownFileType = sourcecode.swift; path = DetailIssueViewController.swift; sourceTree = "<group>"; };
		595C0DB2F23B71D85BA4E81D /* Pods_ArchitectureStudyUITests.framework */ = {isa = PBXFileReference; explicitFileType = wrapper.framework; includeInIndex = 0; path = Pods_ArchitectureStudyUITests.framework; sourceTree = BUILT_PRODUCTS_DIR; };
		7E8A94B9955CCD45305E1CB1 /* Pods_ArchitectureStudyTests.framework */ = {isa = PBXFileReference; explicitFileType = wrapper.framework; includeInIndex = 0; path = Pods_ArchitectureStudyTests.framework; sourceTree = BUILT_PRODUCTS_DIR; };
		932DDE281E1F80A800DBF42B /* Issue.swift */ = {isa = PBXFileReference; fileEncoding = 4; lastKnownFileType = sourcecode.swift; path = Issue.swift; sourceTree = "<group>"; };
		932DDE2B1E232DB800DBF42B /* Issues.swift */ = {isa = PBXFileReference; fileEncoding = 4; lastKnownFileType = sourcecode.swift; path = Issues.swift; sourceTree = "<group>"; };
		93428B1E1E2368CB00DC2300 /* IssueCell.swift */ = {isa = PBXFileReference; fileEncoding = 4; lastKnownFileType = sourcecode.swift; path = IssueCell.swift; sourceTree = "<group>"; };
		9399E0F81E2C4D85007B527E /* IssuesViewController.swift */ = {isa = PBXFileReference; fileEncoding = 4; lastKnownFileType = sourcecode.swift; path = IssuesViewController.swift; sourceTree = "<group>"; };
		9399E0FA1E2C4D9F007B527E /* IssuesPresenter.swift */ = {isa = PBXFileReference; fileEncoding = 4; lastKnownFileType = sourcecode.swift; path = IssuesPresenter.swift; sourceTree = "<group>"; };
		A4C15BB3F82706060A32490E /* Pods-ArchitectureStudyTests.debug.xcconfig */ = {isa = PBXFileReference; includeInIndex = 1; lastKnownFileType = text.xcconfig; name = "Pods-ArchitectureStudyTests.debug.xcconfig"; path = "Pods/Target Support Files/Pods-ArchitectureStudyTests/Pods-ArchitectureStudyTests.debug.xcconfig"; sourceTree = "<group>"; };
		BD89A80435B5963574F11A9F /* Pods-ArchitectureStudyUITests.release.xcconfig */ = {isa = PBXFileReference; includeInIndex = 1; lastKnownFileType = text.xcconfig; name = "Pods-ArchitectureStudyUITests.release.xcconfig"; path = "Pods/Target Support Files/Pods-ArchitectureStudyUITests/Pods-ArchitectureStudyUITests.release.xcconfig"; sourceTree = "<group>"; };
		C126256E47DCC0510C50097C /* Pods_ArchitectureStudy.framework */ = {isa = PBXFileReference; explicitFileType = wrapper.framework; includeInIndex = 0; path = Pods_ArchitectureStudy.framework; sourceTree = BUILT_PRODUCTS_DIR; };
		C821B057EEECD93910F58B3F /* Pods-ArchitectureStudyTests.release.xcconfig */ = {isa = PBXFileReference; includeInIndex = 1; lastKnownFileType = text.xcconfig; name = "Pods-ArchitectureStudyTests.release.xcconfig"; path = "Pods/Target Support Files/Pods-ArchitectureStudyTests/Pods-ArchitectureStudyTests.release.xcconfig"; sourceTree = "<group>"; };
		E48AC8F940972D478921D2D9 /* Pods-ArchitectureStudy.release.xcconfig */ = {isa = PBXFileReference; includeInIndex = 1; lastKnownFileType = text.xcconfig; name = "Pods-ArchitectureStudy.release.xcconfig"; path = "Pods/Target Support Files/Pods-ArchitectureStudy/Pods-ArchitectureStudy.release.xcconfig"; sourceTree = "<group>"; };
/* End PBXFileReference section */

/* Begin PBXFrameworksBuildPhase section */
		53B3916A1E1C4FBB00ADB62F /* Frameworks */ = {
			isa = PBXFrameworksBuildPhase;
			buildActionMask = 2147483647;
			files = (
				D47CAB46F4B09E5F6BDD5ED3 /* Pods_ArchitectureStudy.framework in Frameworks */,
			);
			runOnlyForDeploymentPostprocessing = 0;
		};
		53B391801E1C4FBB00ADB62F /* Frameworks */ = {
			isa = PBXFrameworksBuildPhase;
			buildActionMask = 2147483647;
			files = (
				15CE6FC8C0E0E62C748A0562 /* Pods_ArchitectureStudyTests.framework in Frameworks */,
			);
			runOnlyForDeploymentPostprocessing = 0;
		};
		53B3918B1E1C4FBB00ADB62F /* Frameworks */ = {
			isa = PBXFrameworksBuildPhase;
			buildActionMask = 2147483647;
			files = (
				BEA98CA1C49ED398908D64D1 /* Pods_ArchitectureStudyUITests.framework in Frameworks */,
			);
			runOnlyForDeploymentPostprocessing = 0;
		};
/* End PBXFrameworksBuildPhase section */

/* Begin PBXGroup section */
		53B391641E1C4FBB00ADB62F = {
			isa = PBXGroup;
			children = (
				53B3916F1E1C4FBB00ADB62F /* ArchitectureStudy */,
				53B391861E1C4FBB00ADB62F /* ArchitectureStudyTests */,
				53B391911E1C4FBB00ADB62F /* ArchitectureStudyUITests */,
				53B3916E1E1C4FBB00ADB62F /* Products */,
				73843A608D9494FF8805D92C /* Pods */,
				B7403944EC3F558A6536E5CF /* Frameworks */,
			);
			sourceTree = "<group>";
		};
		53B3916E1E1C4FBB00ADB62F /* Products */ = {
			isa = PBXGroup;
			children = (
				53B3916D1E1C4FBB00ADB62F /* ArchitectureStudy.app */,
				53B391831E1C4FBB00ADB62F /* ArchitectureStudyTests.xctest */,
				53B3918E1E1C4FBB00ADB62F /* ArchitectureStudyUITests.xctest */,
			);
			name = Products;
			sourceTree = "<group>";
		};
		53B3916F1E1C4FBB00ADB62F /* ArchitectureStudy */ = {
			isa = PBXGroup;
			children = (
				53B391701E1C4FBB00ADB62F /* AppDelegate.swift */,
				9399E0FC1E2C6271007B527E /* Common */,
				932DDE241E1F7ADD00DBF42B /* View */,
				9399E0F71E2C4D71007B527E /* Presenter */,
				932DDE251E1F7ADD00DBF42B /* Model */,
				53B391761E1C4FBB00ADB62F /* Main.storyboard */,
				53B391791E1C4FBB00ADB62F /* Assets.xcassets */,
				53B3917B1E1C4FBB00ADB62F /* LaunchScreen.storyboard */,
				53B3917E1E1C4FBB00ADB62F /* Info.plist */,
			);
			path = ArchitectureStudy;
			sourceTree = "<group>";
		};
		53B391861E1C4FBB00ADB62F /* ArchitectureStudyTests */ = {
			isa = PBXGroup;
			children = (
				53B391871E1C4FBB00ADB62F /* ArchitectureStudyTests.swift */,
				53B391891E1C4FBB00ADB62F /* Info.plist */,
			);
			path = ArchitectureStudyTests;
			sourceTree = "<group>";
		};
		53B391911E1C4FBB00ADB62F /* ArchitectureStudyUITests */ = {
			isa = PBXGroup;
			children = (
				53B391921E1C4FBB00ADB62F /* ArchitectureStudyUITests.swift */,
				53B391941E1C4FBB00ADB62F /* Info.plist */,
			);
			path = ArchitectureStudyUITests;
			sourceTree = "<group>";
		};
		73843A608D9494FF8805D92C /* Pods */ = {
			isa = PBXGroup;
			children = (
				3E88EB0CB782E241585944A8 /* Pods-ArchitectureStudy.debug.xcconfig */,
				E48AC8F940972D478921D2D9 /* Pods-ArchitectureStudy.release.xcconfig */,
				A4C15BB3F82706060A32490E /* Pods-ArchitectureStudyTests.debug.xcconfig */,
				C821B057EEECD93910F58B3F /* Pods-ArchitectureStudyTests.release.xcconfig */,
				31F7D2511515635EBDEFBBB7 /* Pods-ArchitectureStudyUITests.debug.xcconfig */,
				BD89A80435B5963574F11A9F /* Pods-ArchitectureStudyUITests.release.xcconfig */,
			);
			name = Pods;
			sourceTree = "<group>";
		};
		932DDE241E1F7ADD00DBF42B /* View */ = {
			isa = PBXGroup;
			children = (
				9399E0F81E2C4D85007B527E /* IssuesViewController.swift */,
				93428B1E1E2368CB00DC2300 /* IssueCell.swift */,
				53CFFFCC1E2EA02E00C75357 /* DetailIssueViewController.swift */,
			);
			path = View;
			sourceTree = "<group>";
		};
		932DDE251E1F7ADD00DBF42B /* Model */ = {
			isa = PBXGroup;
			children = (
				932DDE281E1F80A800DBF42B /* Issue.swift */,
				932DDE2B1E232DB800DBF42B /* Issues.swift */,
			);
			path = Model;
			sourceTree = "<group>";
		};
		9399E0F71E2C4D71007B527E /* Presenter */ = {
			isa = PBXGroup;
			children = (
				9399E0FA1E2C4D9F007B527E /* IssuesPresenter.swift */,
			);
			path = Presenter;
			sourceTree = "<group>";
		};
		9399E0FC1E2C6271007B527E /* Common */ = {
			isa = PBXGroup;
			children = (
				9399E0FD1E2C6271007B527E /* API */,
				9399E0FE1E2C6271007B527E /* NotificationName */,
			);
			path = Common;
			sourceTree = "<group>";
		};
		9399E0FD1E2C6271007B527E /* API */ = {
			isa = PBXGroup;
			children = (
			);
			path = API;
			sourceTree = "<group>";
		};
		9399E0FE1E2C6271007B527E /* NotificationName */ = {
			isa = PBXGroup;
			children = (
			);
			path = NotificationName;
			sourceTree = "<group>";
		};
		B7403944EC3F558A6536E5CF /* Frameworks */ = {
			isa = PBXGroup;
			children = (
				C126256E47DCC0510C50097C /* Pods_ArchitectureStudy.framework */,
				7E8A94B9955CCD45305E1CB1 /* Pods_ArchitectureStudyTests.framework */,
				595C0DB2F23B71D85BA4E81D /* Pods_ArchitectureStudyUITests.framework */,
			);
			name = Frameworks;
			sourceTree = "<group>";
		};
/* End PBXGroup section */

/* Begin PBXNativeTarget section */
		53B3916C1E1C4FBB00ADB62F /* ArchitectureStudy */ = {
			isa = PBXNativeTarget;
			buildConfigurationList = 53B391971E1C4FBB00ADB62F /* Build configuration list for PBXNativeTarget "ArchitectureStudy" */;
			buildPhases = (
				3D4C9860B5578DA8C2312B2F /* [CP] Check Pods Manifest.lock */,
				53B391691E1C4FBB00ADB62F /* Sources */,
				53B3916A1E1C4FBB00ADB62F /* Frameworks */,
				53B3916B1E1C4FBB00ADB62F /* Resources */,
				D5AC74FC2F6CCF2BF44D7A08 /* [CP] Embed Pods Frameworks */,
				79CC1468935242BA60E78A8B /* [CP] Copy Pods Resources */,
			);
			buildRules = (
			);
			dependencies = (
			);
			name = ArchitectureStudy;
			productName = ArchitectureStudy;
			productReference = 53B3916D1E1C4FBB00ADB62F /* ArchitectureStudy.app */;
			productType = "com.apple.product-type.application";
		};
		53B391821E1C4FBB00ADB62F /* ArchitectureStudyTests */ = {
			isa = PBXNativeTarget;
			buildConfigurationList = 53B3919A1E1C4FBB00ADB62F /* Build configuration list for PBXNativeTarget "ArchitectureStudyTests" */;
			buildPhases = (
				A03A6003287B03F39CE10AA0 /* [CP] Check Pods Manifest.lock */,
				53B3917F1E1C4FBB00ADB62F /* Sources */,
				53B391801E1C4FBB00ADB62F /* Frameworks */,
				53B391811E1C4FBB00ADB62F /* Resources */,
				E7AC2D96E10969042F83F204 /* [CP] Embed Pods Frameworks */,
				CAEB5E59EA74C023CDC94749 /* [CP] Copy Pods Resources */,
			);
			buildRules = (
			);
			dependencies = (
				53B391851E1C4FBB00ADB62F /* PBXTargetDependency */,
			);
			name = ArchitectureStudyTests;
			productName = ArchitectureStudyTests;
			productReference = 53B391831E1C4FBB00ADB62F /* ArchitectureStudyTests.xctest */;
			productType = "com.apple.product-type.bundle.unit-test";
		};
		53B3918D1E1C4FBB00ADB62F /* ArchitectureStudyUITests */ = {
			isa = PBXNativeTarget;
			buildConfigurationList = 53B3919D1E1C4FBB00ADB62F /* Build configuration list for PBXNativeTarget "ArchitectureStudyUITests" */;
			buildPhases = (
				67CE3E1B0CB11A7E7A6EC330 /* [CP] Check Pods Manifest.lock */,
				53B3918A1E1C4FBB00ADB62F /* Sources */,
				53B3918B1E1C4FBB00ADB62F /* Frameworks */,
				53B3918C1E1C4FBB00ADB62F /* Resources */,
				D1AB87CCB94743A8DF82336F /* [CP] Embed Pods Frameworks */,
				A32D1A1E7B81F37FF7CA4627 /* [CP] Copy Pods Resources */,
			);
			buildRules = (
			);
			dependencies = (
				53B391901E1C4FBB00ADB62F /* PBXTargetDependency */,
			);
			name = ArchitectureStudyUITests;
			productName = ArchitectureStudyUITests;
			productReference = 53B3918E1E1C4FBB00ADB62F /* ArchitectureStudyUITests.xctest */;
			productType = "com.apple.product-type.bundle.ui-testing";
		};
/* End PBXNativeTarget section */

/* Begin PBXProject section */
		53B391651E1C4FBB00ADB62F /* Project object */ = {
			isa = PBXProject;
			attributes = {
				LastSwiftUpdateCheck = 0820;
				LastUpgradeCheck = 0820;
				ORGANIZATIONNAME = papabins;
				TargetAttributes = {
					53B3916C1E1C4FBB00ADB62F = {
						CreatedOnToolsVersion = 8.2;
						DevelopmentTeam = UNXPQPS866;
						ProvisioningStyle = Automatic;
					};
					53B391821E1C4FBB00ADB62F = {
						CreatedOnToolsVersion = 8.2;
						DevelopmentTeam = UNXPQPS866;
						ProvisioningStyle = Automatic;
						TestTargetID = 53B3916C1E1C4FBB00ADB62F;
					};
					53B3918D1E1C4FBB00ADB62F = {
						CreatedOnToolsVersion = 8.2;
						DevelopmentTeam = UNXPQPS866;
						ProvisioningStyle = Automatic;
						TestTargetID = 53B3916C1E1C4FBB00ADB62F;
					};
				};
			};
			buildConfigurationList = 53B391681E1C4FBB00ADB62F /* Build configuration list for PBXProject "ArchitectureStudy" */;
			compatibilityVersion = "Xcode 3.2";
			developmentRegion = English;
			hasScannedForEncodings = 0;
			knownRegions = (
				en,
				Base,
			);
			mainGroup = 53B391641E1C4FBB00ADB62F;
			productRefGroup = 53B3916E1E1C4FBB00ADB62F /* Products */;
			projectDirPath = "";
			projectRoot = "";
			targets = (
				53B3916C1E1C4FBB00ADB62F /* ArchitectureStudy */,
				53B391821E1C4FBB00ADB62F /* ArchitectureStudyTests */,
				53B3918D1E1C4FBB00ADB62F /* ArchitectureStudyUITests */,
			);
		};
/* End PBXProject section */

/* Begin PBXResourcesBuildPhase section */
		53B3916B1E1C4FBB00ADB62F /* Resources */ = {
			isa = PBXResourcesBuildPhase;
			buildActionMask = 2147483647;
			files = (
				53B3917D1E1C4FBB00ADB62F /* LaunchScreen.storyboard in Resources */,
				53B3917A1E1C4FBB00ADB62F /* Assets.xcassets in Resources */,
				53B391781E1C4FBB00ADB62F /* Main.storyboard in Resources */,
			);
			runOnlyForDeploymentPostprocessing = 0;
		};
		53B391811E1C4FBB00ADB62F /* Resources */ = {
			isa = PBXResourcesBuildPhase;
			buildActionMask = 2147483647;
			files = (
			);
			runOnlyForDeploymentPostprocessing = 0;
		};
		53B3918C1E1C4FBB00ADB62F /* Resources */ = {
			isa = PBXResourcesBuildPhase;
			buildActionMask = 2147483647;
			files = (
			);
			runOnlyForDeploymentPostprocessing = 0;
		};
/* End PBXResourcesBuildPhase section */

/* Begin PBXShellScriptBuildPhase section */
		3D4C9860B5578DA8C2312B2F /* [CP] Check Pods Manifest.lock */ = {
			isa = PBXShellScriptBuildPhase;
			buildActionMask = 2147483647;
			files = (
			);
			inputPaths = (
			);
			name = "[CP] Check Pods Manifest.lock";
			outputPaths = (
			);
			runOnlyForDeploymentPostprocessing = 0;
			shellPath = /bin/sh;
			shellScript = "diff \"${PODS_ROOT}/../Podfile.lock\" \"${PODS_ROOT}/Manifest.lock\" > /dev/null\nif [ $? != 0 ] ; then\n    # print error to STDERR\n    echo \"error: The sandbox is not in sync with the Podfile.lock. Run 'pod install' or update your CocoaPods installation.\" >&2\n    exit 1\nfi\n";
			showEnvVarsInLog = 0;
		};
		67CE3E1B0CB11A7E7A6EC330 /* [CP] Check Pods Manifest.lock */ = {
			isa = PBXShellScriptBuildPhase;
			buildActionMask = 2147483647;
			files = (
			);
			inputPaths = (
			);
			name = "[CP] Check Pods Manifest.lock";
			outputPaths = (
			);
			runOnlyForDeploymentPostprocessing = 0;
			shellPath = /bin/sh;
			shellScript = "diff \"${PODS_ROOT}/../Podfile.lock\" \"${PODS_ROOT}/Manifest.lock\" > /dev/null\nif [ $? != 0 ] ; then\n    # print error to STDERR\n    echo \"error: The sandbox is not in sync with the Podfile.lock. Run 'pod install' or update your CocoaPods installation.\" >&2\n    exit 1\nfi\n";
			showEnvVarsInLog = 0;
		};
		79CC1468935242BA60E78A8B /* [CP] Copy Pods Resources */ = {
			isa = PBXShellScriptBuildPhase;
			buildActionMask = 2147483647;
			files = (
			);
			inputPaths = (
			);
			name = "[CP] Copy Pods Resources";
			outputPaths = (
			);
			runOnlyForDeploymentPostprocessing = 0;
			shellPath = /bin/sh;
			shellScript = "\"${SRCROOT}/Pods/Target Support Files/Pods-ArchitectureStudy/Pods-ArchitectureStudy-resources.sh\"\n";
			showEnvVarsInLog = 0;
		};
		A03A6003287B03F39CE10AA0 /* [CP] Check Pods Manifest.lock */ = {
			isa = PBXShellScriptBuildPhase;
			buildActionMask = 2147483647;
			files = (
			);
			inputPaths = (
			);
			name = "[CP] Check Pods Manifest.lock";
			outputPaths = (
			);
			runOnlyForDeploymentPostprocessing = 0;
			shellPath = /bin/sh;
			shellScript = "diff \"${PODS_ROOT}/../Podfile.lock\" \"${PODS_ROOT}/Manifest.lock\" > /dev/null\nif [ $? != 0 ] ; then\n    # print error to STDERR\n    echo \"error: The sandbox is not in sync with the Podfile.lock. Run 'pod install' or update your CocoaPods installation.\" >&2\n    exit 1\nfi\n";
			showEnvVarsInLog = 0;
		};
		A32D1A1E7B81F37FF7CA4627 /* [CP] Copy Pods Resources */ = {
			isa = PBXShellScriptBuildPhase;
			buildActionMask = 2147483647;
			files = (
			);
			inputPaths = (
			);
			name = "[CP] Copy Pods Resources";
			outputPaths = (
			);
			runOnlyForDeploymentPostprocessing = 0;
			shellPath = /bin/sh;
			shellScript = "\"${SRCROOT}/Pods/Target Support Files/Pods-ArchitectureStudyUITests/Pods-ArchitectureStudyUITests-resources.sh\"\n";
			showEnvVarsInLog = 0;
		};
		CAEB5E59EA74C023CDC94749 /* [CP] Copy Pods Resources */ = {
			isa = PBXShellScriptBuildPhase;
			buildActionMask = 2147483647;
			files = (
			);
			inputPaths = (
			);
			name = "[CP] Copy Pods Resources";
			outputPaths = (
			);
			runOnlyForDeploymentPostprocessing = 0;
			shellPath = /bin/sh;
			shellScript = "\"${SRCROOT}/Pods/Target Support Files/Pods-ArchitectureStudyTests/Pods-ArchitectureStudyTests-resources.sh\"\n";
			showEnvVarsInLog = 0;
		};
		D1AB87CCB94743A8DF82336F /* [CP] Embed Pods Frameworks */ = {
			isa = PBXShellScriptBuildPhase;
			buildActionMask = 2147483647;
			files = (
			);
			inputPaths = (
			);
			name = "[CP] Embed Pods Frameworks";
			outputPaths = (
			);
			runOnlyForDeploymentPostprocessing = 0;
			shellPath = /bin/sh;
			shellScript = "\"${SRCROOT}/Pods/Target Support Files/Pods-ArchitectureStudyUITests/Pods-ArchitectureStudyUITests-frameworks.sh\"\n";
			showEnvVarsInLog = 0;
		};
		D5AC74FC2F6CCF2BF44D7A08 /* [CP] Embed Pods Frameworks */ = {
			isa = PBXShellScriptBuildPhase;
			buildActionMask = 2147483647;
			files = (
			);
			inputPaths = (
			);
			name = "[CP] Embed Pods Frameworks";
			outputPaths = (
			);
			runOnlyForDeploymentPostprocessing = 0;
			shellPath = /bin/sh;
			shellScript = "\"${SRCROOT}/Pods/Target Support Files/Pods-ArchitectureStudy/Pods-ArchitectureStudy-frameworks.sh\"\n";
			showEnvVarsInLog = 0;
		};
		E7AC2D96E10969042F83F204 /* [CP] Embed Pods Frameworks */ = {
			isa = PBXShellScriptBuildPhase;
			buildActionMask = 2147483647;
			files = (
			);
			inputPaths = (
			);
			name = "[CP] Embed Pods Frameworks";
			outputPaths = (
			);
			runOnlyForDeploymentPostprocessing = 0;
			shellPath = /bin/sh;
			shellScript = "\"${SRCROOT}/Pods/Target Support Files/Pods-ArchitectureStudyTests/Pods-ArchitectureStudyTests-frameworks.sh\"\n";
			showEnvVarsInLog = 0;
		};
/* End PBXShellScriptBuildPhase section */

/* Begin PBXSourcesBuildPhase section */
		53B391691E1C4FBB00ADB62F /* Sources */ = {
			isa = PBXSourcesBuildPhase;
			buildActionMask = 2147483647;
			files = (
				53CFFFCD1E2EA02E00C75357 /* DetailIssueViewController.swift in Sources */,
				9399E0FB1E2C4D9F007B527E /* IssuesPresenter.swift in Sources */,
				9399E0F91E2C4D85007B527E /* IssuesViewController.swift in Sources */,
				53B391711E1C4FBB00ADB62F /* AppDelegate.swift in Sources */,
				932DDE291E1F80A800DBF42B /* Issue.swift in Sources */,
				932DDE2C1E232DB800DBF42B /* Issues.swift in Sources */,
				93428B1F1E2368CB00DC2300 /* IssueCell.swift in Sources */,
			);
			runOnlyForDeploymentPostprocessing = 0;
		};
		53B3917F1E1C4FBB00ADB62F /* Sources */ = {
			isa = PBXSourcesBuildPhase;
			buildActionMask = 2147483647;
			files = (
				53B391881E1C4FBB00ADB62F /* ArchitectureStudyTests.swift in Sources */,
			);
			runOnlyForDeploymentPostprocessing = 0;
		};
		53B3918A1E1C4FBB00ADB62F /* Sources */ = {
			isa = PBXSourcesBuildPhase;
			buildActionMask = 2147483647;
			files = (
				53B391931E1C4FBB00ADB62F /* ArchitectureStudyUITests.swift in Sources */,
			);
			runOnlyForDeploymentPostprocessing = 0;
		};
/* End PBXSourcesBuildPhase section */

/* Begin PBXTargetDependency section */
		53B391851E1C4FBB00ADB62F /* PBXTargetDependency */ = {
			isa = PBXTargetDependency;
			target = 53B3916C1E1C4FBB00ADB62F /* ArchitectureStudy */;
			targetProxy = 53B391841E1C4FBB00ADB62F /* PBXContainerItemProxy */;
		};
		53B391901E1C4FBB00ADB62F /* PBXTargetDependency */ = {
			isa = PBXTargetDependency;
			target = 53B3916C1E1C4FBB00ADB62F /* ArchitectureStudy */;
			targetProxy = 53B3918F1E1C4FBB00ADB62F /* PBXContainerItemProxy */;
		};
/* End PBXTargetDependency section */

/* Begin PBXVariantGroup section */
		53B391761E1C4FBB00ADB62F /* Main.storyboard */ = {
			isa = PBXVariantGroup;
			children = (
				53B391771E1C4FBB00ADB62F /* Base */,
			);
			name = Main.storyboard;
			sourceTree = "<group>";
		};
		53B3917B1E1C4FBB00ADB62F /* LaunchScreen.storyboard */ = {
			isa = PBXVariantGroup;
			children = (
				53B3917C1E1C4FBB00ADB62F /* Base */,
			);
			name = LaunchScreen.storyboard;
			sourceTree = "<group>";
		};
/* End PBXVariantGroup section */

/* Begin XCBuildConfiguration section */
		53B391951E1C4FBB00ADB62F /* Debug */ = {
			isa = XCBuildConfiguration;
			buildSettings = {
				ALWAYS_SEARCH_USER_PATHS = NO;
				CLANG_ANALYZER_NONNULL = YES;
				CLANG_CXX_LANGUAGE_STANDARD = "gnu++0x";
				CLANG_CXX_LIBRARY = "libc++";
				CLANG_ENABLE_MODULES = YES;
				CLANG_ENABLE_OBJC_ARC = YES;
				CLANG_WARN_BOOL_CONVERSION = YES;
				CLANG_WARN_CONSTANT_CONVERSION = YES;
				CLANG_WARN_DIRECT_OBJC_ISA_USAGE = YES_ERROR;
				CLANG_WARN_DOCUMENTATION_COMMENTS = YES;
				CLANG_WARN_EMPTY_BODY = YES;
				CLANG_WARN_ENUM_CONVERSION = YES;
				CLANG_WARN_INFINITE_RECURSION = YES;
				CLANG_WARN_INT_CONVERSION = YES;
				CLANG_WARN_OBJC_ROOT_CLASS = YES_ERROR;
				CLANG_WARN_SUSPICIOUS_MOVE = YES;
				CLANG_WARN_UNREACHABLE_CODE = YES;
				CLANG_WARN__DUPLICATE_METHOD_MATCH = YES;
				"CODE_SIGN_IDENTITY[sdk=iphoneos*]" = "iPhone Developer";
				COPY_PHASE_STRIP = NO;
				DEBUG_INFORMATION_FORMAT = dwarf;
				ENABLE_STRICT_OBJC_MSGSEND = YES;
				ENABLE_TESTABILITY = YES;
				GCC_C_LANGUAGE_STANDARD = gnu99;
				GCC_DYNAMIC_NO_PIC = NO;
				GCC_NO_COMMON_BLOCKS = YES;
				GCC_OPTIMIZATION_LEVEL = 0;
				GCC_PREPROCESSOR_DEFINITIONS = (
					"DEBUG=1",
					"$(inherited)",
				);
				GCC_WARN_64_TO_32_BIT_CONVERSION = YES;
				GCC_WARN_ABOUT_RETURN_TYPE = YES_ERROR;
				GCC_WARN_UNDECLARED_SELECTOR = YES;
				GCC_WARN_UNINITIALIZED_AUTOS = YES_AGGRESSIVE;
				GCC_WARN_UNUSED_FUNCTION = YES;
				GCC_WARN_UNUSED_VARIABLE = YES;
				IPHONEOS_DEPLOYMENT_TARGET = 10.2;
				MTL_ENABLE_DEBUG_INFO = YES;
				ONLY_ACTIVE_ARCH = YES;
				SDKROOT = iphoneos;
				SWIFT_ACTIVE_COMPILATION_CONDITIONS = DEBUG;
				SWIFT_OPTIMIZATION_LEVEL = "-Onone";
				TARGETED_DEVICE_FAMILY = "1,2";
			};
			name = Debug;
		};
		53B391961E1C4FBB00ADB62F /* Release */ = {
			isa = XCBuildConfiguration;
			buildSettings = {
				ALWAYS_SEARCH_USER_PATHS = NO;
				CLANG_ANALYZER_NONNULL = YES;
				CLANG_CXX_LANGUAGE_STANDARD = "gnu++0x";
				CLANG_CXX_LIBRARY = "libc++";
				CLANG_ENABLE_MODULES = YES;
				CLANG_ENABLE_OBJC_ARC = YES;
				CLANG_WARN_BOOL_CONVERSION = YES;
				CLANG_WARN_CONSTANT_CONVERSION = YES;
				CLANG_WARN_DIRECT_OBJC_ISA_USAGE = YES_ERROR;
				CLANG_WARN_DOCUMENTATION_COMMENTS = YES;
				CLANG_WARN_EMPTY_BODY = YES;
				CLANG_WARN_ENUM_CONVERSION = YES;
				CLANG_WARN_INFINITE_RECURSION = YES;
				CLANG_WARN_INT_CONVERSION = YES;
				CLANG_WARN_OBJC_ROOT_CLASS = YES_ERROR;
				CLANG_WARN_SUSPICIOUS_MOVE = YES;
				CLANG_WARN_UNREACHABLE_CODE = YES;
				CLANG_WARN__DUPLICATE_METHOD_MATCH = YES;
				"CODE_SIGN_IDENTITY[sdk=iphoneos*]" = "iPhone Developer";
				COPY_PHASE_STRIP = NO;
				DEBUG_INFORMATION_FORMAT = "dwarf-with-dsym";
				ENABLE_NS_ASSERTIONS = NO;
				ENABLE_STRICT_OBJC_MSGSEND = YES;
				GCC_C_LANGUAGE_STANDARD = gnu99;
				GCC_NO_COMMON_BLOCKS = YES;
				GCC_WARN_64_TO_32_BIT_CONVERSION = YES;
				GCC_WARN_ABOUT_RETURN_TYPE = YES_ERROR;
				GCC_WARN_UNDECLARED_SELECTOR = YES;
				GCC_WARN_UNINITIALIZED_AUTOS = YES_AGGRESSIVE;
				GCC_WARN_UNUSED_FUNCTION = YES;
				GCC_WARN_UNUSED_VARIABLE = YES;
				IPHONEOS_DEPLOYMENT_TARGET = 10.2;
				MTL_ENABLE_DEBUG_INFO = NO;
				SDKROOT = iphoneos;
				SWIFT_OPTIMIZATION_LEVEL = "-Owholemodule";
				TARGETED_DEVICE_FAMILY = "1,2";
				VALIDATE_PRODUCT = YES;
			};
			name = Release;
		};
		53B391981E1C4FBB00ADB62F /* Debug */ = {
			isa = XCBuildConfiguration;
			baseConfigurationReference = 3E88EB0CB782E241585944A8 /* Pods-ArchitectureStudy.debug.xcconfig */;
			buildSettings = {
				ASSETCATALOG_COMPILER_APPICON_NAME = AppIcon;
				DEVELOPMENT_TEAM = UNXPQPS866;
				INFOPLIST_FILE = ArchitectureStudy/Info.plist;
				IPHONEOS_DEPLOYMENT_TARGET = 9.0;
				LD_RUNPATH_SEARCH_PATHS = "$(inherited) @executable_path/Frameworks";
				PRODUCT_BUNDLE_IDENTIFIER = com.papabins.ArchitectureStudy;
				PRODUCT_NAME = "$(TARGET_NAME)";
				SWIFT_VERSION = 3.0;
			};
			name = Debug;
		};
		53B391991E1C4FBB00ADB62F /* Release */ = {
			isa = XCBuildConfiguration;
			baseConfigurationReference = E48AC8F940972D478921D2D9 /* Pods-ArchitectureStudy.release.xcconfig */;
			buildSettings = {
				ASSETCATALOG_COMPILER_APPICON_NAME = AppIcon;
				DEVELOPMENT_TEAM = UNXPQPS866;
				INFOPLIST_FILE = ArchitectureStudy/Info.plist;
				IPHONEOS_DEPLOYMENT_TARGET = 9.0;
				LD_RUNPATH_SEARCH_PATHS = "$(inherited) @executable_path/Frameworks";
				PRODUCT_BUNDLE_IDENTIFIER = com.papabins.ArchitectureStudy;
				PRODUCT_NAME = "$(TARGET_NAME)";
				SWIFT_VERSION = 3.0;
			};
			name = Release;
		};
		53B3919B1E1C4FBB00ADB62F /* Debug */ = {
			isa = XCBuildConfiguration;
			baseConfigurationReference = A4C15BB3F82706060A32490E /* Pods-ArchitectureStudyTests.debug.xcconfig */;
			buildSettings = {
				ALWAYS_EMBED_SWIFT_STANDARD_LIBRARIES = YES;
				BUNDLE_LOADER = "$(TEST_HOST)";
				DEVELOPMENT_TEAM = UNXPQPS866;
				INFOPLIST_FILE = ArchitectureStudyTests/Info.plist;
				LD_RUNPATH_SEARCH_PATHS = "$(inherited) @executable_path/Frameworks @loader_path/Frameworks";
				PRODUCT_BUNDLE_IDENTIFIER = com.papabins.ArchitectureStudyTests;
				PRODUCT_NAME = "$(TARGET_NAME)";
				SWIFT_VERSION = 3.0;
				TEST_HOST = "$(BUILT_PRODUCTS_DIR)/ArchitectureStudy.app/ArchitectureStudy";
			};
			name = Debug;
		};
		53B3919C1E1C4FBB00ADB62F /* Release */ = {
			isa = XCBuildConfiguration;
			baseConfigurationReference = C821B057EEECD93910F58B3F /* Pods-ArchitectureStudyTests.release.xcconfig */;
			buildSettings = {
				ALWAYS_EMBED_SWIFT_STANDARD_LIBRARIES = YES;
				BUNDLE_LOADER = "$(TEST_HOST)";
				DEVELOPMENT_TEAM = UNXPQPS866;
				INFOPLIST_FILE = ArchitectureStudyTests/Info.plist;
				LD_RUNPATH_SEARCH_PATHS = "$(inherited) @executable_path/Frameworks @loader_path/Frameworks";
				PRODUCT_BUNDLE_IDENTIFIER = com.papabins.ArchitectureStudyTests;
				PRODUCT_NAME = "$(TARGET_NAME)";
				SWIFT_VERSION = 3.0;
				TEST_HOST = "$(BUILT_PRODUCTS_DIR)/ArchitectureStudy.app/ArchitectureStudy";
			};
			name = Release;
		};
		53B3919E1E1C4FBB00ADB62F /* Debug */ = {
			isa = XCBuildConfiguration;
			baseConfigurationReference = 31F7D2511515635EBDEFBBB7 /* Pods-ArchitectureStudyUITests.debug.xcconfig */;
			buildSettings = {
				ALWAYS_EMBED_SWIFT_STANDARD_LIBRARIES = YES;
				DEVELOPMENT_TEAM = UNXPQPS866;
				INFOPLIST_FILE = ArchitectureStudyUITests/Info.plist;
				LD_RUNPATH_SEARCH_PATHS = "$(inherited) @executable_path/Frameworks @loader_path/Frameworks";
				PRODUCT_BUNDLE_IDENTIFIER = com.papabins.ArchitectureStudyUITests;
				PRODUCT_NAME = "$(TARGET_NAME)";
				SWIFT_VERSION = 3.0;
				TEST_TARGET_NAME = ArchitectureStudy;
			};
			name = Debug;
		};
		53B3919F1E1C4FBB00ADB62F /* Release */ = {
			isa = XCBuildConfiguration;
			baseConfigurationReference = BD89A80435B5963574F11A9F /* Pods-ArchitectureStudyUITests.release.xcconfig */;
			buildSettings = {
				ALWAYS_EMBED_SWIFT_STANDARD_LIBRARIES = YES;
				DEVELOPMENT_TEAM = UNXPQPS866;
				INFOPLIST_FILE = ArchitectureStudyUITests/Info.plist;
				LD_RUNPATH_SEARCH_PATHS = "$(inherited) @executable_path/Frameworks @loader_path/Frameworks";
				PRODUCT_BUNDLE_IDENTIFIER = com.papabins.ArchitectureStudyUITests;
				PRODUCT_NAME = "$(TARGET_NAME)";
				SWIFT_VERSION = 3.0;
				TEST_TARGET_NAME = ArchitectureStudy;
			};
			name = Release;
		};
/* End XCBuildConfiguration section */

/* Begin XCConfigurationList section */
		53B391681E1C4FBB00ADB62F /* Build configuration list for PBXProject "ArchitectureStudy" */ = {
			isa = XCConfigurationList;
			buildConfigurations = (
				53B391951E1C4FBB00ADB62F /* Debug */,
				53B391961E1C4FBB00ADB62F /* Release */,
			);
			defaultConfigurationIsVisible = 0;
			defaultConfigurationName = Release;
		};
		53B391971E1C4FBB00ADB62F /* Build configuration list for PBXNativeTarget "ArchitectureStudy" */ = {
			isa = XCConfigurationList;
			buildConfigurations = (
				53B391981E1C4FBB00ADB62F /* Debug */,
				53B391991E1C4FBB00ADB62F /* Release */,
			);
			defaultConfigurationIsVisible = 0;
			defaultConfigurationName = Release;
		};
		53B3919A1E1C4FBB00ADB62F /* Build configuration list for PBXNativeTarget "ArchitectureStudyTests" */ = {
			isa = XCConfigurationList;
			buildConfigurations = (
				53B3919B1E1C4FBB00ADB62F /* Debug */,
				53B3919C1E1C4FBB00ADB62F /* Release */,
			);
			defaultConfigurationIsVisible = 0;
			defaultConfigurationName = Release;
		};
		53B3919D1E1C4FBB00ADB62F /* Build configuration list for PBXNativeTarget "ArchitectureStudyUITests" */ = {
			isa = XCConfigurationList;
			buildConfigurations = (
				53B3919E1E1C4FBB00ADB62F /* Debug */,
				53B3919F1E1C4FBB00ADB62F /* Release */,
			);
			defaultConfigurationIsVisible = 0;
			defaultConfigurationName = Release;
		};
/* End XCConfigurationList section */
	};
	rootObject = 53B391651E1C4FBB00ADB62F /* Project object */;
}
